PODS:
  - connectivity (0.0.1):
    - Flutter
    - Reachability
  - Flutter (1.0.0)
  - flutter_local_notifications (0.0.1):
    - Flutter
  - FMDB (2.7.5):
    - FMDB/standard (= 2.7.5)
  - FMDB/standard (2.7.5)
  - geocoding_ios (1.0.5):
    - Flutter
  - geolocator_apple (1.2.0):
    - Flutter
  - image_cropper (0.0.4):
    - Flutter
    - TOCropViewController (~> 2.6.1)
  - image_picker_ios (0.0.1):
    - Flutter
  - path_provider_foundation (0.0.1):
    - Flutter
    - FlutterMacOS
  - Reachability (3.2)
  - restart_app (0.0.1):
    - Flutter
  - rive_common (0.0.1):
    - Flutter
  - shared_preferences_foundation (0.0.1):
    - Flutter
    - FlutterMacOS
  - smart_auth (0.0.1):
    - Flutter
  - sqflite (0.0.3):
    - Flutter
    - FMDB (>= 2.7.5)
  - TOCropViewController (2.6.1)
  - webview_flutter_wkwebview (0.0.1):
    - Flutter

DEPENDENCIES:
  - connectivity (from `.symlinks/plugins/connectivity/ios`)
  - Flutter (from `Flutter`)
  - flutter_local_notifications (from `.symlinks/plugins/flutter_local_notifications/ios`)
  - geocoding_ios (from `.symlinks/plugins/geocoding_ios/ios`)
  - geolocator_apple (from `.symlinks/plugins/geolocator_apple/ios`)
  - image_cropper (from `.symlinks/plugins/image_cropper/ios`)
  - image_picker_ios (from `.symlinks/plugins/image_picker_ios/ios`)
  - path_provider_foundation (from `.symlinks/plugins/path_provider_foundation/darwin`)
  - restart_app (from `.symlinks/plugins/restart_app/ios`)
  - rive_common (from `.symlinks/plugins/rive_common/ios`)
  - shared_preferences_foundation (from `.symlinks/plugins/shared_preferences_foundation/darwin`)
  - smart_auth (from `.symlinks/plugins/smart_auth/ios`)
  - sqflite (from `.symlinks/plugins/sqflite/ios`)
  - webview_flutter_wkwebview (from `.symlinks/plugins/webview_flutter_wkwebview/ios`)

SPEC REPOS:
  trunk:
    - FMDB
    - Reachability
    - TOCropViewController

EXTERNAL SOURCES:
  connectivity:
    :path: ".symlinks/plugins/connectivity/ios"
  Flutter:
    :path: Flutter
  flutter_local_notifications:
    :path: ".symlinks/plugins/flutter_local_notifications/ios"
  geocoding_ios:
    :path: ".symlinks/plugins/geocoding_ios/ios"
  geolocator_apple:
    :path: ".symlinks/plugins/geolocator_apple/ios"
  image_cropper:
    :path: ".symlinks/plugins/image_cropper/ios"
  image_picker_ios:
    :path: ".symlinks/plugins/image_picker_ios/ios"
  path_provider_foundation:
    :path: ".symlinks/plugins/path_provider_foundation/darwin"
  restart_app:
    :path: ".symlinks/plugins/restart_app/ios"
  rive_common:
    :path: ".symlinks/plugins/rive_common/ios"
  shared_preferences_foundation:
    :path: ".symlinks/plugins/shared_preferences_foundation/darwin"
  smart_auth:
    :path: ".symlinks/plugins/smart_auth/ios"
  sqflite:
    :path: ".symlinks/plugins/sqflite/ios"
  webview_flutter_wkwebview:
    :path: ".symlinks/plugins/webview_flutter_wkwebview/ios"

SPEC CHECKSUMS:
  connectivity: c4130b2985d4ef6fd26f9702e886bd5260681467
  Flutter: f04841e97a9d0b0a8025694d0796dd46242b2854
  flutter_local_notifications: 0c0b1ae97e741e1521e4c1629a459d04b9aec743
  FMDB: 2ce00b547f966261cd18927a3ddb07cb6f3db82a
  geocoding_ios: a389ea40f6f548de6e63006a2e31bf66ff80769a
  geolocator_apple: cc556e6844d508c95df1e87e3ea6fa4e58c50401
  image_cropper: a3291c624a953049bc6a02e1f8c8ceb162a24b25
  image_picker_ios: 4a8aadfbb6dc30ad5141a2ce3832af9214a705b5
  path_provider_foundation: eaf5b3e458fc0e5fbb9940fb09980e853fe058b8
  Reachability: 33e18b67625424e47b6cde6d202dce689ad7af96
  restart_app: 806659942bf932f6ce51c5372f91ce5e81c8c14a
  rive_common: 60ae7896ab40f9513974f36f015de33f70d2c5c5
  shared_preferences_foundation: e2dae3258e06f44cc55f49d42024fd8dd03c590c
  smart_auth: 4bedbc118723912d0e45a07e8ab34039c19e04f2
  sqflite: 31f7eba61e3074736dff8807a9b41581e4f7f15a
  TOCropViewController: edfd4f25713d56905ad1e0b9f5be3fbe0f59c863
  webview_flutter_wkwebview: 2e2d318f21a5e036e2c3f26171342e95908bd60a

PODFILE CHECKSUM: 70d9d25280d0dd177a5f637cdb0f0b0b12c6a189

COCOAPODS: 1.12.1
